// !$*UTF8*$!
{
	archiveVersion = 1;
	classes = {
	};
	objectVersion = 77;
	objects = {

/* Begin PBXBuildFile section */
		CEC03C9B307174DC00640659 /* PrivacyInfo.xcprivacy in Resources */ = {isa = PBXBuildFile; fileRef = CEC03C9A307174DC00640659 /* PrivacyInfo.xcprivacy */; };
		FA0000000000000000000011 /* FargeKjerne in Frameworks */ = {isa = PBXBuildFile; productRef = FA0000000000000000000021 /* FargeKjerne */; };
		FA0000000000000000000012 /* FargeKI in Frameworks */ = {isa = PBXBuildFile; productRef = FA0000000000000000000022 /* FargeKI */; };
		FA0000000000000000000013 /* App-ikon.icon in Resources */ = {isa = PBXBuildFile; fileRef = FA0000000000000000000033 /* App-ikon.icon */; };
/* End PBXBuildFile section */

/* Begin PBXFileReference section */
		CEC03C9A307174DC00640659 /* PrivacyInfo.xcprivacy */ = {isa = PBXFileReference; lastKnownFileType = text.xml; name = PrivacyInfo.xcprivacy; path = Kolorist/PrivacyInfo.xcprivacy; sourceTree = "<group>"; };
		FA0000000000000000000031 /* Kolorist.app */ = {isa = PBXFileReference; explicitFileType = wrapper.application; includeInIndex = 0; path = Kolorist.app; sourceTree = BUILT_PRODUCTS_DIR; };
		FA0000000000000000000032 /* Info.plist */ = {isa = PBXFileReference; lastKnownFileType = text.plist.xml; path = Info.plist; sourceTree = "<group>"; };
		FA0000000000000000000033 /* App-ikon.icon */ = {isa = PBXFileReference; lastKnownFileType = folder.iconcomposer.icon; path = "App-ikon.icon"; sourceTree = "<group>"; };
/* End PBXFileReference section */

/* Begin PBXFileSystemSynchronizedRootGroup section */
		FA0000000000000000000041 /* Kolorist */ = {
			isa = PBXFileSystemSynchronizedRootGroup;
			path = Kolorist;
			sourceTree = "<group>";
		};
/* End PBXFileSystemSynchronizedRootGroup section */

/* Begin PBXFrameworksBuildPhase section */
		FA0000000000000000000051 /* Frameworks */ = {
			isa = PBXFrameworksBuildPhase;
			buildActionMask = 2147483647;
			files = (
				FA0000000000000000000011 /* FargeKjerne in Frameworks */,
				FA0000000000000000000012 /* FargeKI in Frameworks */,
			);
			runOnlyForDeploymentPostprocessing = 0;
		};
/* End PBXFrameworksBuildPhase section */

/* Begin PBXGroup section */
		FA0000000000000000000061 = {
			isa = PBXGroup;
			children = (
				CEC03C9A307174DC00640659 /* PrivacyInfo.xcprivacy */,
				FA0000000000000000000033 /* App-ikon.icon */,
				FA0000000000000000000041 /* Kolorist */,
				FA0000000000000000000063 /* Konfigurasjon */,
				FA0000000000000000000062 /* Products */,
			);
			sourceTree = "<group>";
		};
		FA0000000000000000000062 /* Products */ = {
			isa = PBXGroup;
			children = (
				FA0000000000000000000031 /* Kolorist.app */,
			);
			name = Products;
			sourceTree = "<group>";
		};
		FA0000000000000000000063 /* Konfigurasjon */ = {
			isa = PBXGroup;
			children = (
				FA0000000000000000000032 /* Info.plist */,
			);
			path = Konfigurasjon;
			sourceTree = "<group>";
		};
/* End PBXGroup section */

/* Begin PBXNativeTarget section */
		FA0000000000000000000071 /* Kolorist */ = {
			isa = PBXNativeTarget;
			buildConfigurationList = FA0000000000000000000091 /* Build configuration list for PBXNativeTarget "Kolorist" */;
			buildPhases = (
				FA0000000000000000000081 /* Sources */,
				FA0000000000000000000051 /* Frameworks */,
				FA0000000000000000000082 /* Resources */,
			);
			buildRules = (
			);
			dependencies = (
			);
			fileSystemSynchronizedGroups = (
				FA0000000000000000000041 /* Kolorist */,
			);
			name = Kolorist;
			packageProductDependencies = (
				FA0000000000000000000021 /* FargeKjerne */,
				FA0000000000000000000022 /* FargeKI */,
			);
			productName = Kolorist;
			productReference = FA0000000000000000000031 /* Kolorist.app */;
			productType = "com.apple.product-type.application";
		};
/* End PBXNativeTarget section */

/* Begin PBXProject section */
		FA0000000000000000000001 /* Project object */ = {
			isa = PBXProject;
			attributes = {
				BuildIndependentTargetsInParallel = 1;
				LastSwiftUpdateCheck = 2700;
				LastUpgradeCheck = 2700;
				TargetAttributes = {
					FA0000000000000000000071 = {
						CreatedOnToolsVersion = 27.0;
					};
				};
			};
			buildConfigurationList = FA0000000000000000000092 /* Build configuration list for PBXProject "Kolorist" */;
			developmentRegion = nb;
			hasScannedForEncodings = 0;
			knownRegions = (
				nb,
				en,
				Base,
			);
			mainGroup = FA0000000000000000000061;
			minimizedProjectReferenceProxies = 1;
			packageReferences = (
				FA00000000000000000000A1 /* XCLocalSwiftPackageReference "Pakker/FargeKjerne" */,
			);
			preferredProjectObjectVersion = 77;
			productRefGroup = FA0000000000000000000062 /* Products */;
			projectDirPath = "";
			projectRoot = "";
			targets = (
				FA0000000000000000000071 /* Kolorist */,
			);
		};
/* End PBXProject section */

/* Begin PBXResourcesBuildPhase section */
		FA0000000000000000000082 /* Resources */ = {
			isa = PBXResourcesBuildPhase;
			buildActionMask = 2147483647;
			files = (
				CEC03C9B307174DC00640659 /* PrivacyInfo.xcprivacy in Resources */,
				FA0000000000000000000013 /* App-ikon.icon in Resources */,
			);
			runOnlyForDeploymentPostprocessing = 0;
		};
/* End PBXResourcesBuildPhase section */

/* Begin PBXSourcesBuildPhase section */
		FA0000000000000000000081 /* Sources */ = {
			isa = PBXSourcesBuildPhase;
			buildActionMask = 2147483647;
			files = (
			);
			runOnlyForDeploymentPostprocessing = 0;
		};
/* End PBXSourcesBuildPhase section */

/* Begin XCBuildConfiguration section */
		FA00000000000000000000B1 /* Debug */ = {
			isa = XCBuildConfiguration;
			buildSettings = {
				ALWAYS_SEARCH_USER_PATHS = NO;
				ASSETCATALOG_COMPILER_GENERATE_SWIFT_ASSET_SYMBOL_EXTENSIONS = YES;
				CLANG_ENABLE_MODULES = YES;
				CLANG_ENABLE_OBJC_ARC = YES;
				COPY_PHASE_STRIP = NO;
				DEBUG_INFORMATION_FORMAT = dwarf;
				ENABLE_STRICT_OBJC_MSGSEND = YES;
				ENABLE_TESTABILITY = YES;
				ENABLE_USER_SCRIPT_SANDBOXING = YES;
				GCC_OPTIMIZATION_LEVEL = 0;
				GCC_PREPROCESSOR_DEFINITIONS = (
					"DEBUG=1",
					"$(inherited)",
				);
				IPHONEOS_DEPLOYMENT_TARGET = 26.0;
				LOCALIZATION_PREFERS_STRING_CATALOGS = YES;
				MACOSX_DEPLOYMENT_TARGET = 26.0;
				MTL_ENABLE_DEBUG_INFO = INCLUDE_SOURCE;
				ONLY_ACTIVE_ARCH = YES;
				STRING_CATALOG_GENERATE_SYMBOLS = YES;
				SWIFT_ACTIVE_COMPILATION_CONDITIONS = "DEBUG $(inherited)";
				SWIFT_OPTIMIZATION_LEVEL = "-Onone";
			};
			name = Debug;
		};
		FA00000000000000000000B2 /* Release */ = {
			isa = XCBuildConfiguration;
			buildSettings = {
				ALWAYS_SEARCH_USER_PATHS = NO;
				ASSETCATALOG_COMPILER_GENERATE_SWIFT_ASSET_SYMBOL_EXTENSIONS = YES;
				CLANG_ENABLE_MODULES = YES;
				CLANG_ENABLE_OBJC_ARC = YES;
				COPY_PHASE_STRIP = NO;
				DEBUG_INFORMATION_FORMAT = "dwarf-with-dsym";
				ENABLE_NS_ASSERTIONS = NO;
				ENABLE_STRICT_OBJC_MSGSEND = YES;
				ENABLE_USER_SCRIPT_SANDBOXING = YES;
				IPHONEOS_DEPLOYMENT_TARGET = 26.0;
				LOCALIZATION_PREFERS_STRING_CATALOGS = YES;
				MACOSX_DEPLOYMENT_TARGET = 26.0;
				MTL_ENABLE_DEBUG_INFO = NO;
				STRING_CATALOG_GENERATE_SYMBOLS = YES;
				SWIFT_COMPILATION_MODE = wholemodule;
			};
			name = Release;
		};
		FA00000000000000000000B3 /* Debug */ = {
			isa = XCBuildConfiguration;
			buildSettings = {
				ASSETCATALOG_COMPILER_APPICON_NAME = "App-ikon";
				ASSETCATALOG_COMPILER_GLOBAL_ACCENT_COLOR_NAME = AccentColor;
				CODE_SIGN_ENTITLEMENTS = Konfigurasjon/Kolorist.entitlements;
				"CODE_SIGN_ENTITLEMENTS[sdk=macosx*]" = "Konfigurasjon/Kolorist-mac.entitlements";
				CODE_SIGN_STYLE = Automatic;
				CURRENT_PROJECT_VERSION = 4;
				DEVELOPMENT_TEAM = 7YT4MT7S7U;
				ENABLE_APP_SANDBOX = YES;
				ENABLE_HARDENED_RUNTIME = YES;
				ENABLE_OUTGOING_NETWORK_CONNECTIONS = YES;
				ENABLE_PREVIEWS = YES;
				ENABLE_RESOURCE_ACCESS_CAMERA = YES;
				ENABLE_USER_SELECTED_FILES = readwrite;
				GENERATE_INFOPLIST_FILE = YES;
				INFOPLIST_FILE = Konfigurasjon/Info.plist;
				INFOPLIST_KEY_CFBundleDisplayName = Kolorist;
				INFOPLIST_KEY_ITSAppUsesNonExemptEncryption = NO;
				INFOPLIST_KEY_LSApplicationCategoryType = "public.app-category.graphics-design";
				INFOPLIST_KEY_NSCameraUsageDescription = "Kolorist bruker kameraet til å plukke farger fra omgivelsene dine og til å vise dem slik de ser ut med fargesynsavvik.";
				INFOPLIST_KEY_NSHumanReadableCopyright = "© 2026 Eivind Arnstein Johansen";
				"INFOPLIST_KEY_UIApplicationSceneManifest_Generation[sdk=iphoneos*]" = YES;
				"INFOPLIST_KEY_UIApplicationSceneManifest_Generation[sdk=iphonesimulator*]" = YES;
				"INFOPLIST_KEY_UIApplicationSupportsIndirectInputEvents[sdk=iphoneos*]" = YES;
				"INFOPLIST_KEY_UIApplicationSupportsIndirectInputEvents[sdk=iphonesimulator*]" = YES;
				"INFOPLIST_KEY_UILaunchScreen_Generation[sdk=iphoneos*]" = YES;
				"INFOPLIST_KEY_UILaunchScreen_Generation[sdk=iphonesimulator*]" = YES;
				INFOPLIST_KEY_UISupportedInterfaceOrientations_iPad = "UIInterfaceOrientationPortrait UIInterfaceOrientationPortraitUpsideDown UIInterfaceOrientationLandscapeLeft UIInterfaceOrientationLandscapeRight";
				INFOPLIST_KEY_UISupportedInterfaceOrientations_iPhone = UIInterfaceOrientationPortrait;
				LD_RUNPATH_SEARCH_PATHS = "@executable_path/Frameworks";
				"LD_RUNPATH_SEARCH_PATHS[sdk=macosx*]" = "@executable_path/../Frameworks";
				MARKETING_VERSION = 1.1;
				PRODUCT_BUNDLE_IDENTIFIER = no.engenett.Kolorist;
				PRODUCT_NAME = "$(TARGET_NAME)";
				REGISTER_APP_GROUPS = YES;
				SDKROOT = auto;
				SUPPORTED_PLATFORMS = "iphoneos iphonesimulator macosx";
				SUPPORTS_MACCATALYST = NO;
				SWIFT_APPROACHABLE_CONCURRENCY = YES;
				SWIFT_DEFAULT_ACTOR_ISOLATION = MainActor;
				SWIFT_EMIT_LOC_STRINGS = YES;
				SWIFT_UPCOMING_FEATURE_MEMBER_IMPORT_VISIBILITY = YES;
				SWIFT_VERSION = 6.0;
				TARGETED_DEVICE_FAMILY = "1,2";
			};
			name = Debug;
		};
		FA00000000000000000000B4 /* Release */ = {
			isa = XCBuildConfiguration;
			buildSettings = {
				ASSETCATALOG_COMPILER_APPICON_NAME = "App-ikon";
				ASSETCATALOG_COMPILER_GLOBAL_ACCENT_COLOR_NAME = AccentColor;
				CODE_SIGN_ENTITLEMENTS = Konfigurasjon/Kolorist.entitlements;
				"CODE_SIGN_ENTITLEMENTS[sdk=macosx*]" = "Konfigurasjon/Kolorist-mac.entitlements";
				CODE_SIGN_STYLE = Automatic;
				CURRENT_PROJECT_VERSION = 4;
				DEVELOPMENT_TEAM = 7YT4MT7S7U;
				ENABLE_APP_SANDBOX = YES;
				ENABLE_HARDENED_RUNTIME = YES;
				ENABLE_OUTGOING_NETWORK_CONNECTIONS = YES;
				ENABLE_PREVIEWS = YES;
				ENABLE_RESOURCE_ACCESS_CAMERA = YES;
				ENABLE_USER_SELECTED_FILES = readwrite;
				GENERATE_INFOPLIST_FILE = YES;
				INFOPLIST_FILE = Konfigurasjon/Info.plist;
				INFOPLIST_KEY_CFBundleDisplayName = Kolorist;
				INFOPLIST_KEY_ITSAppUsesNonExemptEncryption = NO;
				INFOPLIST_KEY_LSApplicationCategoryType = "public.app-category.graphics-design";
				INFOPLIST_KEY_NSCameraUsageDescription = "Kolorist bruker kameraet til å plukke farger fra omgivelsene dine og til å vise dem slik de ser ut med fargesynsavvik.";
				INFOPLIST_KEY_NSHumanReadableCopyright = "© 2026 Eivind Arnstein Johansen";
				"INFOPLIST_KEY_UIApplicationSceneManifest_Generation[sdk=iphoneos*]" = YES;
				"INFOPLIST_KEY_UIApplicationSceneManifest_Generation[sdk=iphonesimulator*]" = YES;
				"INFOPLIST_KEY_UIApplicationSupportsIndirectInputEvents[sdk=iphoneos*]" = YES;
				"INFOPLIST_KEY_UIApplicationSupportsIndirectInputEvents[sdk=iphonesimulator*]" = YES;
				"INFOPLIST_KEY_UILaunchScreen_Generation[sdk=iphoneos*]" = YES;
				"INFOPLIST_KEY_UILaunchScreen_Generation[sdk=iphonesimulator*]" = YES;
				INFOPLIST_KEY_UISupportedInterfaceOrientations_iPad = "UIInterfaceOrientationPortrait UIInterfaceOrientationPortraitUpsideDown UIInterfaceOrientationLandscapeLeft UIInterfaceOrientationLandscapeRight";
				INFOPLIST_KEY_UISupportedInterfaceOrientations_iPhone = UIInterfaceOrientationPortrait;
				LD_RUNPATH_SEARCH_PATHS = "@executable_path/Frameworks";
				"LD_RUNPATH_SEARCH_PATHS[sdk=macosx*]" = "@executable_path/../Frameworks";
				MARKETING_VERSION = 1.1;
				PRODUCT_BUNDLE_IDENTIFIER = no.engenett.Kolorist;
				PRODUCT_NAME = "$(TARGET_NAME)";
				REGISTER_APP_GROUPS = YES;
				SDKROOT = auto;
				SUPPORTED_PLATFORMS = "iphoneos iphonesimulator macosx";
				SUPPORTS_MACCATALYST = NO;
				SWIFT_APPROACHABLE_CONCURRENCY = YES;
				SWIFT_DEFAULT_ACTOR_ISOLATION = MainActor;
				SWIFT_EMIT_LOC_STRINGS = YES;
				SWIFT_UPCOMING_FEATURE_MEMBER_IMPORT_VISIBILITY = YES;
				SWIFT_VERSION = 6.0;
				TARGETED_DEVICE_FAMILY = "1,2";
			};
			name = Release;
		};
/* End XCBuildConfiguration section */

/* Begin XCConfigurationList section */
		FA0000000000000000000091 /* Build configuration list for PBXNativeTarget "Kolorist" */ = {
			isa = XCConfigurationList;
			buildConfigurations = (
				FA00000000000000000000B3 /* Debug */,
				FA00000000000000000000B4 /* Release */,
			);
			defaultConfigurationIsVisible = 0;
			defaultConfigurationName = Release;
		};
		FA0000000000000000000092 /* Build configuration list for PBXProject "Kolorist" */ = {
			isa = XCConfigurationList;
			buildConfigurations = (
				FA00000000000000000000B1 /* Debug */,
				FA00000000000000000000B2 /* Release */,
			);
			defaultConfigurationIsVisible = 0;
			defaultConfigurationName = Release;
		};
/* End XCConfigurationList section */

/* Begin XCLocalSwiftPackageReference section */
		FA00000000000000000000A1 /* XCLocalSwiftPackageReference "Pakker/FargeKjerne" */ = {
			isa = XCLocalSwiftPackageReference;
			relativePath = Pakker/FargeKjerne;
		};
/* End XCLocalSwiftPackageReference section */

/* Begin XCSwiftPackageProductDependency section */
		FA0000000000000000000021 /* FargeKjerne */ = {
			isa = XCSwiftPackageProductDependency;
			productName = FargeKjerne;
		};
		FA0000000000000000000022 /* FargeKI */ = {
			isa = XCSwiftPackageProductDependency;
			productName = FargeKI;
		};
/* End XCSwiftPackageProductDependency section */
	};
	rootObject = FA0000000000000000000001 /* Project object */;
}
